// !$*UTF8*$!
{
	archiveVersion = 1;
	classes = {
	};
	objectVersion = 50;
	objects = {

/* Begin PBXBuildFile section */
		A57852F12194A4D900B319DA /* AppDelegate.swift in Sources */ = {isa = PBXBuildFile; fileRef = A57852F02194A4D900B319DA /* AppDelegate.swift */; };
		A57852F62194A4D900B319DA /* Main.storyboard in Resources */ = {isa = PBXBuildFile; fileRef = A57852F42194A4D900B319DA /* Main.storyboard */; };
		A57852F82194A4DC00B319DA /* Assets.xcassets in Resources */ = {isa = PBXBuildFile; fileRef = A57852F72194A4DC00B319DA /* Assets.xcassets */; };
		A57852FB2194A4DC00B319DA /* LaunchScreen.storyboard in Resources */ = {isa = PBXBuildFile; fileRef = A57852F92194A4DC00B319DA /* LaunchScreen.storyboard */; };
		A57853032194B04000B319DA /* AwesomeViewController.swift in Sources */ = {isa = PBXBuildFile; fileRef = A57853022194B04000B319DA /* AwesomeViewController.swift */; };
		A5A6D3A7219DEBA200741D2B /* ScrollViewController.swift in Sources */ = {isa = PBXBuildFile; fileRef = A5A6D3A6219DEBA200741D2B /* ScrollViewController.swift */; };
		A5B8472721A71A6C00C4AD3A /* TableView.storyboard in Resources */ = {isa = PBXBuildFile; fileRef = A5B8472621A71A6C00C4AD3A /* TableView.storyboard */; };
		A5B8472B21A71B7300C4AD3A /* TableExampleViewController.swift in Sources */ = {isa = PBXBuildFile; fileRef = A5B8472A21A71B7300C4AD3A /* TableExampleViewController.swift */; };
		A5B8472E21A720A900C4AD3A /* AwesomeTableViewCell.swift in Sources */ = {isa = PBXBuildFile; fileRef = A5B8472C21A720A900C4AD3A /* AwesomeTableViewCell.swift */; };
		A5B8472F21A720A900C4AD3A /* AwesomeTableViewCell.xib in Resources */ = {isa = PBXBuildFile; fileRef = A5B8472D21A720A900C4AD3A /* AwesomeTableViewCell.xib */; };
		A5B8473121A727FF00C4AD3A /* Collection.storyboard in Resources */ = {isa = PBXBuildFile; fileRef = A5B8473021A727FF00C4AD3A /* Collection.storyboard */; };
		A5B8473321A7288300C4AD3A /* AwesomeCollectionViewController.swift in Sources */ = {isa = PBXBuildFile; fileRef = A5B8473221A7288300C4AD3A /* AwesomeCollectionViewController.swift */; };
		A5B8473521A728D000C4AD3A /* AwesomeCollectionViewCell.swift in Sources */ = {isa = PBXBuildFile; fileRef = A5B8473421A728D000C4AD3A /* AwesomeCollectionViewCell.swift */; };
/* End PBXBuildFile section */

/* Begin PBXFileReference section */
		A57852ED2194A4D900B319DA /* AWESOME.app */ = {isa = PBXFileReference; explicitFileType = wrapper.application; includeInIndex = 0; path = AWESOME.app; sourceTree = BUILT_PRODUCTS_DIR; };
		A57852F02194A4D900B319DA /* AppDelegate.swift */ = {isa = PBXFileReference; lastKnownFileType = sourcecode.swift; path = AppDelegate.swift; sourceTree = "<group>"; };
		A57852F52194A4D900B319DA /* Base */ = {isa = PBXFileReference; lastKnownFileType = file.storyboard; name = Base; path = Base.lproj/Main.storyboard; sourceTree = "<group>"; };
		A57852F72194A4DC00B319DA /* Assets.xcassets */ = {isa = PBXFileReference; lastKnownFileType = folder.assetcatalog; path = Assets.xcassets; sourceTree = "<group>"; };
		A57852FA2194A4DC00B319DA /* Base */ = {isa = PBXFileReference; lastKnownFileType = file.storyboard; name = Base; path = Base.lproj/LaunchScreen.storyboard; sourceTree = "<group>"; };
		A57852FC2194A4DC00B319DA /* Info.plist */ = {isa = PBXFileReference; lastKnownFileType = text.plist.xml; path = Info.plist; sourceTree = "<group>"; };
		A57853022194B04000B319DA /* AwesomeViewController.swift */ = {isa = PBXFileReference; lastKnownFileType = sourcecode.swift; path = AwesomeViewController.swift; sourceTree = "<group>"; };
		A5A6D3A6219DEBA200741D2B /* ScrollViewController.swift */ = {isa = PBXFileReference; lastKnownFileType = sourcecode.swift; path = ScrollViewController.swift; sourceTree = "<group>"; };
		A5B8472621A71A6C00C4AD3A /* TableView.storyboard */ = {isa = PBXFileReference; lastKnownFileType = file.storyboard; path = TableView.storyboard; sourceTree = "<group>"; };
		A5B8472A21A71B7300C4AD3A /* TableExampleViewController.swift */ = {isa = PBXFileReference; lastKnownFileType = sourcecode.swift; path = TableExampleViewController.swift; sourceTree = "<group>"; };
		A5B8472C21A720A900C4AD3A /* AwesomeTableViewCell.swift */ = {isa = PBXFileReference; lastKnownFileType = sourcecode.swift; path = AwesomeTableViewCell.swift; sourceTree = "<group>"; };
		A5B8472D21A720A900C4AD3A /* AwesomeTableViewCell.xib */ = {isa = PBXFileReference; lastKnownFileType = file.xib; path = AwesomeTableViewCell.xib; sourceTree = "<group>"; };
		A5B8473021A727FF00C4AD3A /* Collection.storyboard */ = {isa = PBXFileReference; lastKnownFileType = file.storyboard; path = Collection.storyboard; sourceTree = "<group>"; };
		A5B8473221A7288300C4AD3A /* AwesomeCollectionViewController.swift */ = {isa = PBXFileReference; lastKnownFileType = sourcecode.swift; path = AwesomeCollectionViewController.swift; sourceTree = "<group>"; };
		A5B8473421A728D000C4AD3A /* AwesomeCollectionViewCell.swift */ = {isa = PBXFileReference; lastKnownFileType = sourcecode.swift; path = AwesomeCollectionViewCell.swift; sourceTree = "<group>"; };
/* End PBXFileReference section */

/* Begin PBXFrameworksBuildPhase section */
		A57852EA2194A4D900B319DA /* Frameworks */ = {
			isa = PBXFrameworksBuildPhase;
			buildActionMask = 2147483647;
			files = (
			);
			runOnlyForDeploymentPostprocessing = 0;
		};
/* End PBXFrameworksBuildPhase section */

/* Begin PBXGroup section */
		A57852E42194A4D900B319DA = {
			isa = PBXGroup;
			children = (
				A57852EF2194A4D900B319DA /* AWESOME */,
				A57852EE2194A4D900B319DA /* Products */,
			);
			sourceTree = "<group>";
		};
		A57852EE2194A4D900B319DA /* Products */ = {
			isa = PBXGroup;
			children = (
				A57852ED2194A4D900B319DA /* AWESOME.app */,
			);
			name = Products;
			sourceTree = "<group>";
		};
		A57852EF2194A4D900B319DA /* AWESOME */ = {
			isa = PBXGroup;
			children = (
				A57852F02194A4D900B319DA /* AppDelegate.swift */,
				A5B8472821A71AFB00C4AD3A /* Basic UI */,
				A5B8472921A71B1300C4AD3A /* Table view */,
				A57852F72194A4DC00B319DA /* Assets.xcassets */,
				A57852F92194A4DC00B319DA /* LaunchScreen.storyboard */,
				A57852FC2194A4DC00B319DA /* Info.plist */,
				A5B8473021A727FF00C4AD3A /* Collection.storyboard */,
				A5B8473221A7288300C4AD3A /* AwesomeCollectionViewController.swift */,
				A5B8473421A728D000C4AD3A /* AwesomeCollectionViewCell.swift */,
			);
			path = AWESOME;
			sourceTree = "<group>";
		};
		A5B8472821A71AFB00C4AD3A /* Basic UI */ = {
			isa = PBXGroup;
			children = (
				A57852F42194A4D900B319DA /* Main.storyboard */,
				A57853022194B04000B319DA /* AwesomeViewController.swift */,
				A5A6D3A6219DEBA200741D2B /* ScrollViewController.swift */,
			);
			name = "Basic UI";
			sourceTree = "<group>";
		};
		A5B8472921A71B1300C4AD3A /* Table view */ = {
			isa = PBXGroup;
			children = (
				A5B8820D21B98BA1004902DD /* Cells */,
				A5B8472621A71A6C00C4AD3A /* TableView.storyboard */,
				A5B8472A21A71B7300C4AD3A /* TableExampleViewController.swift */,
			);
			name = "Table view";
			sourceTree = "<group>";
		};
		A5B8820D21B98BA1004902DD /* Cells */ = {
			isa = PBXGroup;
			children = (
				A5B8472C21A720A900C4AD3A /* AwesomeTableViewCell.swift */,
				A5B8472D21A720A900C4AD3A /* AwesomeTableViewCell.xib */,
			);
			name = Cells;
			sourceTree = "<group>";
		};
/* End PBXGroup section */

/* Begin PBXNativeTarget section */
		A57852EC2194A4D900B319DA /* AWESOME */ = {
			isa = PBXNativeTarget;
			buildConfigurationList = A57852FF2194A4DC00B319DA /* Build configuration list for PBXNativeTarget "AWESOME" */;
			buildPhases = (
				A57852E92194A4D900B319DA /* Sources */,
				A57852EA2194A4D900B319DA /* Frameworks */,
				A57852EB2194A4D900B319DA /* Resources */,
			);
			buildRules = (
			);
			dependencies = (
			);
			name = AWESOME;
			productName = AWESOME;
			productReference = A57852ED2194A4D900B319DA /* AWESOME.app */;
			productType = "com.apple.product-type.application";
		};
/* End PBXNativeTarget section */

/* Begin PBXProject section */
		A57852E52194A4D900B319DA /* Project object */ = {
			isa = PBXProject;
			attributes = {
				LastSwiftUpdateCheck = 1010;
				LastUpgradeCheck = 1010;
				ORGANIZATIONNAME = Oleksandr;
				TargetAttributes = {
					A57852EC2194A4D900B319DA = {
						CreatedOnToolsVersion = 10.1;
					};
				};
			};
			buildConfigurationList = A57852E82194A4D900B319DA /* Build configuration list for PBXProject "AWESOME" */;
			compatibilityVersion = "Xcode 9.3";
			developmentRegion = en;
			hasScannedForEncodings = 0;
			knownRegions = (
				en,
				Base,
			);
			mainGroup = A57852E42194A4D900B319DA;
			productRefGroup = A57852EE2194A4D900B319DA /* Products */;
			projectDirPath = "";
			projectRoot = "";
			targets = (
				A57852EC2194A4D900B319DA /* AWESOME */,
			);
		};
/* End PBXProject section */

/* Begin PBXResourcesBuildPhase section */
		A57852EB2194A4D900B319DA /* Resources */ = {
			isa = PBXResourcesBuildPhase;
			buildActionMask = 2147483647;
			files = (
				A5B8473121A727FF00C4AD3A /* Collection.storyboard in Resources */,
				A57852FB2194A4DC00B319DA /* LaunchScreen.storyboard in Resources */,
				A5B8472F21A720A900C4AD3A /* AwesomeTableViewCell.xib in Resources */,
				A57852F82194A4DC00B319DA /* Assets.xcassets in Resources */,
				A5B8472721A71A6C00C4AD3A /* TableView.storyboard in Resources */,
				A57852F62194A4D900B319DA /* Main.storyboard in Resources */,
			);
			runOnlyForDeploymentPostprocessing = 0;
		};
/* End PBXResourcesBuildPhase section */

/* Begin PBXSourcesBuildPhase section */
		A57852E92194A4D900B319DA /* Sources */ = {
			isa = PBXSourcesBuildPhase;
			buildActionMask = 2147483647;
			files = (
				A5B8472B21A71B7300C4AD3A /* TableExampleViewController.swift in Sources */,
				A57853032194B04000B319DA /* AwesomeViewController.swift in Sources */,
				A5B8473521A728D000C4AD3A /* AwesomeCollectionViewCell.swift in Sources */,
				A57852F12194A4D900B319DA /* AppDelegate.swift in Sources */,
				A5A6D3A7219DEBA200741D2B /* ScrollViewController.swift in Sources */,
				A5B8473321A7288300C4AD3A /* AwesomeCollectionViewController.swift in Sources */,
				A5B8472E21A720A900C4AD3A /* AwesomeTableViewCell.swift in Sources */,
			);
			runOnlyForDeploymentPostprocessing = 0;
		};
/* End PBXSourcesBuildPhase section */

/* Begin PBXVariantGroup section */
		A57852F42194A4D900B319DA /* Main.storyboard */ = {
			isa = PBXVariantGroup;
			children = (
				A57852F52194A4D900B319DA /* Base */,
			);
			name = Main.storyboard;
			sourceTree = "<group>";
		};
		A57852F92194A4DC00B319DA /* LaunchScreen.storyboard */ = {
			isa = PBXVariantGroup;
			children = (
				A57852FA2194A4DC00B319DA /* Base */,
			);
			name = LaunchScreen.storyboard;
			sourceTree = "<group>";
		};
/* End PBXVariantGroup section */

/* Begin XCBuildConfiguration section */
		A57852FD2194A4DC00B319DA /* Debug */ = {
			isa = XCBuildConfiguration;
			buildSettings = {
				ALWAYS_SEARCH_USER_PATHS = NO;
				CLANG_ANALYZER_NONNULL = YES;
				CLANG_ANALYZER_NUMBER_OBJECT_CONVERSION = YES_AGGRESSIVE;
				CLANG_CXX_LANGUAGE_STANDARD = "gnu++14";
				CLANG_CXX_LIBRARY = "libc++";
				CLANG_ENABLE_MODULES = YES;
				CLANG_ENABLE_OBJC_ARC = YES;
				CLANG_ENABLE_OBJC_WEAK = YES;
				CLANG_WARN_BLOCK_CAPTURE_AUTORELEASING = YES;
				CLANG_WARN_BOOL_CONVERSION = YES;
				CLANG_WARN_COMMA = YES;
				CLANG_WARN_CONSTANT_CONVERSION = YES;
				CLANG_WARN_DEPRECATED_OBJC_IMPLEMENTATIONS = YES;
				CLANG_WARN_DIRECT_OBJC_ISA_USAGE = YES_ERROR;
				CLANG_WARN_DOCUMENTATION_COMMENTS = YES;
				CLANG_WARN_EMPTY_BODY = YES;
				CLANG_WARN_ENUM_CONVERSION = YES;
				CLANG_WARN_INFINITE_RECURSION = YES;
				CLANG_WARN_INT_CONVERSION = YES;
				CLANG_WARN_NON_LITERAL_NULL_CONVERSION = YES;
				CLANG_WARN_OBJC_IMPLICIT_RETAIN_SELF = YES;
				CLANG_WARN_OBJC_LITERAL_CONVERSION = YES;
				CLANG_WARN_OBJC_ROOT_CLASS = YES_ERROR;
				CLANG_WARN_RANGE_LOOP_ANALYSIS = YES;
				CLANG_WARN_STRICT_PROTOTYPES = YES;
				CLANG_WARN_SUSPICIOUS_MOVE = YES;
				CLANG_WARN_UNGUARDED_AVAILABILITY = YES_AGGRESSIVE;
				CLANG_WARN_UNREACHABLE_CODE = YES;
				CLANG_WARN__DUPLICATE_METHOD_MATCH = YES;
				CODE_SIGN_IDENTITY = "iPhone Developer";
				COPY_PHASE_STRIP = NO;
				DEBUG_INFORMATION_FORMAT = dwarf;
				ENABLE_STRICT_OBJC_MSGSEND = YES;
				ENABLE_TESTABILITY = YES;
				GCC_C_LANGUAGE_STANDARD = gnu11;
				GCC_DYNAMIC_NO_PIC = NO;
				GCC_NO_COMMON_BLOCKS = YES;
				GCC_OPTIMIZATION_LEVEL = 0;
				GCC_PREPROCESSOR_DEFINITIONS = (
					"DEBUG=1",
					"$(inherited)",
				);
				GCC_WARN_64_TO_32_BIT_CONVERSION = YES;
				GCC_WARN_ABOUT_RETURN_TYPE = YES_ERROR;
				GCC_WARN_UNDECLARED_SELECTOR = YES;
				GCC_WARN_UNINITIALIZED_AUTOS = YES_AGGRESSIVE;
				GCC_WARN_UNUSED_FUNCTION = YES;
				GCC_WARN_UNUSED_VARIABLE = YES;
				IPHONEOS_DEPLOYMENT_TARGET = 12.1;
				MTL_ENABLE_DEBUG_INFO = INCLUDE_SOURCE;
				MTL_FAST_MATH = YES;
				ONLY_ACTIVE_ARCH = YES;
				SDKROOT = iphoneos;
				SWIFT_ACTIVE_COMPILATION_CONDITIONS = DEBUG;
				SWIFT_OPTIMIZATION_LEVEL = "-Onone";
			};
			name = Debug;
		};
		A57852FE2194A4DC00B319DA /* Release */ = {
			isa = XCBuildConfiguration;
			buildSettings = {
				ALWAYS_SEARCH_USER_PATHS = NO;
				CLANG_ANALYZER_NONNULL = YES;
				CLANG_ANALYZER_NUMBER_OBJECT_CONVERSION = YES_AGGRESSIVE;
				CLANG_CXX_LANGUAGE_STANDARD = "gnu++14";
				CLANG_CXX_LIBRARY = "libc++";
				CLANG_ENABLE_MODULES = YES;
				CLANG_ENABLE_OBJC_ARC = YES;
				CLANG_ENABLE_OBJC_WEAK = YES;
				CLANG_WARN_BLOCK_CAPTURE_AUTORELEASING = YES;
				CLANG_WARN_BOOL_CONVERSION = YES;
				CLANG_WARN_COMMA = YES;
				CLANG_WARN_CONSTANT_CONVERSION = YES;
				CLANG_WARN_DEPRECATED_OBJC_IMPLEMENTATIONS = YES;
				CLANG_WARN_DIRECT_OBJC_ISA_USAGE = YES_ERROR;
				CLANG_WARN_DOCUMENTATION_COMMENTS = YES;
				CLANG_WARN_EMPTY_BODY = YES;
				CLANG_WARN_ENUM_CONVERSION = YES;
				CLANG_WARN_INFINITE_RECURSION = YES;
				CLANG_WARN_INT_CONVERSION = YES;
				CLANG_WARN_NON_LITERAL_NULL_CONVERSION = YES;
				CLANG_WARN_OBJC_IMPLICIT_RETAIN_SELF = YES;
				CLANG_WARN_OBJC_LITERAL_CONVERSION = YES;
				CLANG_WARN_OBJC_ROOT_CLASS = YES_ERROR;
				CLANG_WARN_RANGE_LOOP_ANALYSIS = YES;
				CLANG_WARN_STRICT_PROTOTYPES = YES;
				CLANG_WARN_SUSPICIOUS_MOVE = YES;
				CLANG_WARN_UNGUARDED_AVAILABILITY = YES_AGGRESSIVE;
				CLANG_WARN_UNREACHABLE_CODE = YES;
				CLANG_WARN__DUPLICATE_METHOD_MATCH = YES;
				CODE_SIGN_IDENTITY = "iPhone Developer";
				COPY_PHASE_STRIP = NO;
				DEBUG_INFORMATION_FORMAT = "dwarf-with-dsym";
				ENABLE_NS_ASSERTIONS = NO;
				ENABLE_STRICT_OBJC_MSGSEND = YES;
				GCC_C_LANGUAGE_STANDARD = gnu11;
				GCC_NO_COMMON_BLOCKS = YES;
				GCC_WARN_64_TO_32_BIT_CONVERSION = YES;
				GCC_WARN_ABOUT_RETURN_TYPE = YES_ERROR;
				GCC_WARN_UNDECLARED_SELECTOR = YES;
				GCC_WARN_UNINITIALIZED_AUTOS = YES_AGGRESSIVE;
				GCC_WARN_UNUSED_FUNCTION = YES;
				GCC_WARN_UNUSED_VARIABLE = YES;
				IPHONEOS_DEPLOYMENT_TARGET = 12.1;
				MTL_ENABLE_DEBUG_INFO = NO;
				MTL_FAST_MATH = YES;
				SDKROOT = iphoneos;
				SWIFT_COMPILATION_MODE = wholemodule;
				SWIFT_OPTIMIZATION_LEVEL = "-O";
				VALIDATE_PRODUCT = YES;
			};
			name = Release;
		};
		A57853002194A4DC00B319DA /* Debug */ = {
			isa = XCBuildConfiguration;
			buildSettings = {
				ASSETCATALOG_COMPILER_APPICON_NAME = AppIcon;
				CODE_SIGN_STYLE = Manual;
				DEVELOPMENT_TEAM = "";
				INFOPLIST_FILE = AWESOME/Info.plist;
				LD_RUNPATH_SEARCH_PATHS = (
					"$(inherited)",
					"@executable_path/Frameworks",
				);
				PRODUCT_BUNDLE_IDENTIFIER = com.org.AWESOME;
				PRODUCT_NAME = "$(TARGET_NAME)";
				PROVISIONING_PROFILE_SPECIFIER = "";
				SWIFT_VERSION = 4.2;
				TARGETED_DEVICE_FAMILY = "1,2";
			};
			name = Debug;
		};
		A57853012194A4DC00B319DA /* Release */ = {
			isa = XCBuildConfiguration;
			buildSettings = {
				ASSETCATALOG_COMPILER_APPICON_NAME = AppIcon;
				CODE_SIGN_STYLE = Manual;
				DEVELOPMENT_TEAM = "";
				INFOPLIST_FILE = AWESOME/Info.plist;
				LD_RUNPATH_SEARCH_PATHS = (
					"$(inherited)",
					"@executable_path/Frameworks",
				);
				PRODUCT_BUNDLE_IDENTIFIER = com.org.AWESOME;
				PRODUCT_NAME = "$(TARGET_NAME)";
				PROVISIONING_PROFILE_SPECIFIER = "";
				SWIFT_VERSION = 4.2;
				TARGETED_DEVICE_FAMILY = "1,2";
			};
			name = Release;
		};
/* End XCBuildConfiguration section */

/* Begin XCConfigurationList section */
		A57852E82194A4D900B319DA /* Build configuration list for PBXProject "AWESOME" */ = {
			isa = XCConfigurationList;
			buildConfigurations = (
				A57852FD2194A4DC00B319DA /* Debug */,
				A57852FE2194A4DC00B319DA /* Release */,
			);
			defaultConfigurationIsVisible = 0;
			defaultConfigurationName = Release;
		};
		A57852FF2194A4DC00B319DA /* Build configuration list for PBXNativeTarget "AWESOME" */ = {
			isa = XCConfigurationList;
			buildConfigurations = (
				A57853002194A4DC00B319DA /* Debug */,
				A57853012194A4DC00B319DA /* Release */,
			);
			defaultConfigurationIsVisible = 0;
			defaultConfigurationName = Release;
		};
/* End XCConfigurationList section */
	};
	rootObject = A57852E52194A4D900B319DA /* Project object */;
}
